lockfileVersion: '6.0'

settings:
  autoInstallPeers: true
  excludeLinksFromLockfile: false

importers:

  .:
    dependencies:
      typescript:
        specifier: ^5.0.0
        version: 5.7.2
    devDependencies:
      '@commitlint/cli':
        specifier: ^19.6.0
        version: 19.6.0(@types/node@22.10.1)(typescript@5.7.2)
      '@commitlint/config-conventional':
        specifier: ^19.6.0
        version: 19.6.0
      bun-types:
        specifier: latest
        version: 1.1.38
      lefthook:
        specifier: ^1.9.0
        version: 1.9.0
      prettier:
        specifier: ^3.2.5
        version: 3.4.2

  apps/tg-bot:
    dependencies:
      '@t3-oss/env-core':
        specifier: ^0.10.1
        version: 0.10.1(typescript@5.7.2)(zod@3.23.8)
      '@ttt/core':
        specifier: workspace:^
        version: link:../../packages/core
      '@ttt/generate':
        specifier: workspace:^
        version: link:../../packages/generate
      grammy:
        specifier: ^1.23.1
        version: 1.33.0
      typescript:
        specifier: ^5.0.0
        version: 5.7.2
      zod:
        specifier: ^3.23.8
        version: 3.23.8
    devDependencies:
      '@types/bun':
        specifier: latest
        version: 1.1.14

  packages/core:
    dependencies:
      '@t3-oss/env-core':
        specifier: ^0.10.1
        version: 0.10.1(typescript@5.7.2)(zod@3.23.8)
      '@ttt/linear':
        specifier: workspace:^
        version: link:../linear
      typescript:
        specifier: ^5.0.0
        version: 5.7.2
      zod:
        specifier: ^3.23.8
        version: 3.23.8
    devDependencies:
      '@types/bun':
        specifier: latest
        version: 1.1.14

  packages/generate:
    dependencies:
      '@ai-sdk/anthropic':
        specifier: ^1.0.3
        version: 1.0.3(zod@3.23.8)
      '@ai-sdk/openai':
        specifier: ^1.0.7
        version: 1.0.7(zod@3.23.8)
      '@t3-oss/env-core':
        specifier: ^0.10.1
        version: 0.10.1(typescript@5.7.2)(zod@3.23.8)
      '@ttt/core':
        specifier: workspace:^
        version: link:../core
      ai:
        specifier: ^4.0.12
        version: 4.0.12(react@18.3.1)(zod@3.23.8)
      ts-pattern:
        specifier: ^5.5.0
        version: 5.5.0
      zod:
        specifier: ^3.23.8
        version: 3.23.8

  packages/linear:
    dependencies:
      '@linear/sdk':
        specifier: ^21.1.0
        version: 21.1.0
      '@t3-oss/env-core':
        specifier: ^0.10.1
        version: 0.10.1(typescript@5.7.2)(zod@3.23.8)
      remeda:
        specifier: ^1.61.0
        version: 1.61.0
      typescript:
        specifier: ^5.0.0
        version: 5.7.2
      zod:
        specifier: ^3.23.8
        version: 3.23.8
    devDependencies:
      '@types/bun':
        specifier: latest
        version: 1.1.14

packages:

  /@ai-sdk/anthropic@1.0.3(zod@3.23.8):
    resolution: {integrity: sha512-bCIUmzF8646OguKI0+UGtXFbtnYUCJ5eaFzkgUbjZsbnRjA1ETDEs7ygM4OsigC/Ak2ZgL0rNG0dwkXaJQV1rw==}
    engines: {node: '>=18'}
    peerDependencies:
      zod: ^3.0.0
    dependencies:
      '@ai-sdk/provider': 1.0.1
      '@ai-sdk/provider-utils': 2.0.3(zod@3.23.8)
      zod: 3.23.8
    dev: false

  /@ai-sdk/openai@1.0.7(zod@3.23.8):
    resolution: {integrity: sha512-eXWERuUrMyH3k1GpmYHzTj7Xzxx5/0dENAkbxnj7t2Sn2Mgfb5Td/8QYfGSxuuPd8BrfGTyknArff6yqPkuvPA==}
    engines: {node: '>=18'}
    peerDependencies:
      zod: ^3.0.0
    dependencies:
      '@ai-sdk/provider': 1.0.1
      '@ai-sdk/provider-utils': 2.0.3(zod@3.23.8)
      zod: 3.23.8
    dev: false

  /@ai-sdk/provider-utils@2.0.3(zod@3.23.8):
    resolution: {integrity: sha512-Cyk7GlFEse2jQ4I3FWYuZ1Zhr5w1mD9SHMJTYm/in1rd7r89nmEoQiOy3h8YV2ZvTa2/6aR10xZ4M0k4B3BluA==}
    engines: {node: '>=18'}
    peerDependencies:
      zod: ^3.0.0
    peerDependenciesMeta:
      zod:
        optional: true
    dependencies:
      '@ai-sdk/provider': 1.0.1
      eventsource-parser: 3.0.0
      nanoid: 3.3.8
      secure-json-parse: 2.7.0
      zod: 3.23.8
    dev: false

  /@ai-sdk/provider@1.0.1:
    resolution: {integrity: sha512-mV+3iNDkzUsZ0pR2jG0sVzU6xtQY5DtSCBy3JFycLp6PwjyLw/iodfL3MwdmMCRJWgs3dadcHejRnMvF9nGTBg==}
    engines: {node: '>=18'}
    dependencies:
      json-schema: 0.4.0
    dev: false

  /@ai-sdk/react@1.0.5(react@18.3.1)(zod@3.23.8):
    resolution: {integrity: sha512-OPqYhltJE9dceWxw5pTXdYtAhs1Ca6Ly8xR7z/T+JZ0lrcgembFIMvnJ0dMBkba07P4GQBmuvd5DVTeAqPM9SQ==}
    engines: {node: '>=18'}
    peerDependencies:
      react: ^18 || ^19 || ^19.0.0-rc
      zod: ^3.0.0
    peerDependenciesMeta:
      react:
        optional: true
      zod:
        optional: true
    dependencies:
      '@ai-sdk/provider-utils': 2.0.3(zod@3.23.8)
      '@ai-sdk/ui-utils': 1.0.4(zod@3.23.8)
      react: 18.3.1
      swr: 2.2.5(react@18.3.1)
      throttleit: 2.1.0
      zod: 3.23.8
    dev: false

  /@ai-sdk/ui-utils@1.0.4(zod@3.23.8):
    resolution: {integrity: sha512-P2vDvASaGsD+lmbsQ5WYjELxJBQgse3CpxyLSA+usZiZxspwYbLFsSWiYz3zhIemcnS0T6/OwQdU6UlMB4N5BQ==}
    engines: {node: '>=18'}
    peerDependencies:
      zod: ^3.0.0
    peerDependenciesMeta:
      zod:
        optional: true
    dependencies:
      '@ai-sdk/provider': 1.0.1
      '@ai-sdk/provider-utils': 2.0.3(zod@3.23.8)
      zod: 3.23.8
      zod-to-json-schema: 3.23.5(zod@3.23.8)
    dev: false

  /@babel/code-frame@7.26.2:
    resolution: {integrity: sha512-RJlIHRueQgwWitWgF8OdFYGZX328Ax5BCemNGlqHfplnRT9ESi8JkFlvaVYbS+UubVY6dpv87Fs2u5M29iNFVQ==}
    engines: {node: '>=6.9.0'}
    dependencies:
      '@babel/helper-validator-identifier': 7.25.9
      js-tokens: 4.0.0
      picocolors: 1.1.1
    dev: true

  /@babel/helper-validator-identifier@7.25.9:
    resolution: {integrity: sha512-Ed61U6XJc3CVRfkERJWDz4dJwKe7iLmmJsbOGu9wSloNSFttHV0I8g6UAgb7qnK5ly5bGLPd4oXZlxCdANBOWQ==}
    engines: {node: '>=6.9.0'}
    dev: true

  /@commitlint/cli@19.6.0(@types/node@22.10.1)(typescript@5.7.2):
    resolution: {integrity: sha512-v17BgGD9w5KnthaKxXnEg6KLq6DYiAxyiN44TpiRtqyW8NSq+Kx99mkEG8Qo6uu6cI5eMzMojW2muJxjmPnF8w==}
    engines: {node: '>=v18'}
    hasBin: true
    dependencies:
      '@commitlint/format': 19.5.0
      '@commitlint/lint': 19.6.0
      '@commitlint/load': 19.5.0(@types/node@22.10.1)(typescript@5.7.2)
      '@commitlint/read': 19.5.0
      '@commitlint/types': 19.5.0
      tinyexec: 0.3.1
      yargs: 17.7.2
    transitivePeerDependencies:
      - '@types/node'
      - typescript
    dev: true

  /@commitlint/config-conventional@19.6.0:
    resolution: {integrity: sha512-DJT40iMnTYtBtUfw9ApbsLZFke1zKh6llITVJ+x9mtpHD08gsNXaIRqHTmwTZL3dNX5+WoyK7pCN/5zswvkBCQ==}
    engines: {node: '>=v18'}
    dependencies:
      '@commitlint/types': 19.5.0
      conventional-changelog-conventionalcommits: 7.0.2
    dev: true

  /@commitlint/config-validator@19.5.0:
    resolution: {integrity: sha512-CHtj92H5rdhKt17RmgALhfQt95VayrUo2tSqY9g2w+laAXyk7K/Ef6uPm9tn5qSIwSmrLjKaXK9eiNuxmQrDBw==}
    engines: {node: '>=v18'}
    dependencies:
      '@commitlint/types': 19.5.0
      ajv: 8.17.1
    dev: true

  /@commitlint/ensure@19.5.0:
    resolution: {integrity: sha512-Kv0pYZeMrdg48bHFEU5KKcccRfKmISSm9MvgIgkpI6m+ohFTB55qZlBW6eYqh/XDfRuIO0x4zSmvBjmOwWTwkg==}
    engines: {node: '>=v18'}
    dependencies:
      '@commitlint/types': 19.5.0
      lodash.camelcase: 4.3.0
      lodash.kebabcase: 4.1.1
      lodash.snakecase: 4.1.1
      lodash.startcase: 4.4.0
      lodash.upperfirst: 4.3.1
    dev: true

  /@commitlint/execute-rule@19.5.0:
    resolution: {integrity: sha512-aqyGgytXhl2ejlk+/rfgtwpPexYyri4t8/n4ku6rRJoRhGZpLFMqrZ+YaubeGysCP6oz4mMA34YSTaSOKEeNrg==}
    engines: {node: '>=v18'}
    dev: true

  /@commitlint/format@19.5.0:
    resolution: {integrity: sha512-yNy088miE52stCI3dhG/vvxFo9e4jFkU1Mj3xECfzp/bIS/JUay4491huAlVcffOoMK1cd296q0W92NlER6r3A==}
    engines: {node: '>=v18'}
    dependencies:
      '@commitlint/types': 19.5.0
      chalk: 5.3.0
    dev: true

  /@commitlint/is-ignored@19.6.0:
    resolution: {integrity: sha512-Ov6iBgxJQFR9koOupDPHvcHU9keFupDgtB3lObdEZDroiG4jj1rzky60fbQozFKVYRTUdrBGICHG0YVmRuAJmw==}
    engines: {node: '>=v18'}
    dependencies:
      '@commitlint/types': 19.5.0
      semver: 7.6.3
    dev: true

  /@commitlint/lint@19.6.0:
    resolution: {integrity: sha512-LRo7zDkXtcIrpco9RnfhOKeg8PAnE3oDDoalnrVU/EVaKHYBWYL1DlRR7+3AWn0JiBqD8yKOfetVxJGdEtZ0tg==}
    engines: {node: '>=v18'}
    dependencies:
      '@commitlint/is-ignored': 19.6.0
      '@commitlint/parse': 19.5.0
      '@commitlint/rules': 19.6.0
      '@commitlint/types': 19.5.0
    dev: true

  /@commitlint/load@19.5.0(@types/node@22.10.1)(typescript@5.7.2):
    resolution: {integrity: sha512-INOUhkL/qaKqwcTUvCE8iIUf5XHsEPCLY9looJ/ipzi7jtGhgmtH7OOFiNvwYgH7mA8osUWOUDV8t4E2HAi4xA==}
    engines: {node: '>=v18'}
    dependencies:
      '@commitlint/config-validator': 19.5.0
      '@commitlint/execute-rule': 19.5.0
      '@commitlint/resolve-extends': 19.5.0
      '@commitlint/types': 19.5.0
      chalk: 5.3.0
      cosmiconfig: 9.0.0(typescript@5.7.2)
      cosmiconfig-typescript-loader: 5.1.0(@types/node@22.10.1)(cosmiconfig@9.0.0)(typescript@5.7.2)
      lodash.isplainobject: 4.0.6
      lodash.merge: 4.6.2
      lodash.uniq: 4.5.0
    transitivePeerDependencies:
      - '@types/node'
      - typescript
    dev: true

  /@commitlint/message@19.5.0:
    resolution: {integrity: sha512-R7AM4YnbxN1Joj1tMfCyBryOC5aNJBdxadTZkuqtWi3Xj0kMdutq16XQwuoGbIzL2Pk62TALV1fZDCv36+JhTQ==}
    engines: {node: '>=v18'}
    dev: true

  /@commitlint/parse@19.5.0:
    resolution: {integrity: sha512-cZ/IxfAlfWYhAQV0TwcbdR1Oc0/r0Ik1GEessDJ3Lbuma/MRO8FRQX76eurcXtmhJC//rj52ZSZuXUg0oIX0Fw==}
    engines: {node: '>=v18'}
    dependencies:
      '@commitlint/types': 19.5.0
      conventional-changelog-angular: 7.0.0
      conventional-commits-parser: 5.0.0
    dev: true

  /@commitlint/read@19.5.0:
    resolution: {integrity: sha512-TjS3HLPsLsxFPQj6jou8/CZFAmOP2y+6V4PGYt3ihbQKTY1Jnv0QG28WRKl/d1ha6zLODPZqsxLEov52dhR9BQ==}
    engines: {node: '>=v18'}
    dependencies:
      '@commitlint/top-level': 19.5.0
      '@commitlint/types': 19.5.0
      git-raw-commits: 4.0.0
      minimist: 1.2.8
      tinyexec: 0.3.1
    dev: true

  /@commitlint/resolve-extends@19.5.0:
    resolution: {integrity: sha512-CU/GscZhCUsJwcKTJS9Ndh3AKGZTNFIOoQB2n8CmFnizE0VnEuJoum+COW+C1lNABEeqk6ssfc1Kkalm4bDklA==}
    engines: {node: '>=v18'}
    dependencies:
      '@commitlint/config-validator': 19.5.0
      '@commitlint/types': 19.5.0
      global-directory: 4.0.1
      import-meta-resolve: 4.1.0
      lodash.mergewith: 4.6.2
      resolve-from: 5.0.0
    dev: true

  /@commitlint/rules@19.6.0:
    resolution: {integrity: sha512-1f2reW7lbrI0X0ozZMesS/WZxgPa4/wi56vFuJENBmed6mWq5KsheN/nxqnl/C23ioxpPO/PL6tXpiiFy5Bhjw==}
    engines: {node: '>=v18'}
    dependencies:
      '@commitlint/ensure': 19.5.0
      '@commitlint/message': 19.5.0
      '@commitlint/to-lines': 19.5.0
      '@commitlint/types': 19.5.0
    dev: true

  /@commitlint/to-lines@19.5.0:
    resolution: {integrity: sha512-R772oj3NHPkodOSRZ9bBVNq224DOxQtNef5Pl8l2M8ZnkkzQfeSTr4uxawV2Sd3ui05dUVzvLNnzenDBO1KBeQ==}
    engines: {node: '>=v18'}
    dev: true

  /@commitlint/top-level@19.5.0:
    resolution: {integrity: sha512-IP1YLmGAk0yWrImPRRc578I3dDUI5A2UBJx9FbSOjxe9sTlzFiwVJ+zeMLgAtHMtGZsC8LUnzmW1qRemkFU4ng==}
    engines: {node: '>=v18'}
    dependencies:
      find-up: 7.0.0
    dev: true

  /@commitlint/types@19.5.0:
    resolution: {integrity: sha512-DSHae2obMSMkAtTBSOulg5X7/z+rGLxcXQIkg3OmWvY6wifojge5uVMydfhUvs7yQj+V7jNmRZ2Xzl8GJyqRgg==}
    engines: {node: '>=v18'}
    dependencies:
      '@types/conventional-commits-parser': 5.0.1
      chalk: 5.3.0
    dev: true

  /@grammyjs/types@3.17.0:
    resolution: {integrity: sha512-e8AR3xQwRAFX248E7Qw/7mIu1OzvoXloJzOBJVtuPKzzL7tGkn5trZAdZUBgGViVQg5ZwVS/x9N2nRrcyH/DfA==}
    dev: false

  /@graphql-typed-document-node/core@3.2.0(graphql@15.9.0):
    resolution: {integrity: sha512-mB9oAsNCm9aM3/SOv4YtBMqZbYj10R7dkq8byBqxGY/ncFwhf2oQzMV+LCRlWoDSEBJ3COiR1yeDvMtsoOsuFQ==}
    peerDependencies:
      graphql: ^0.8.0 || ^0.9.0 || ^0.10.0 || ^0.11.0 || ^0.12.0 || ^0.13.0 || ^14.0.0 || ^15.0.0 || ^16.0.0 || ^17.0.0
    dependencies:
      graphql: 15.9.0
    dev: false

  /@linear/sdk@21.1.0:
    resolution: {integrity: sha512-DQAdn8GIFHz58an9dPRly4SgQ+K1swiiJfIug/JCMp1AoDBCvkZvFOxJkFM7Qlkdw7tS8hOYYA3WWl8HU05ytg==}
    engines: {node: '>=12.x', yarn: 1.x}
    dependencies:
      '@graphql-typed-document-node/core': 3.2.0(graphql@15.9.0)
      graphql: 15.9.0
      isomorphic-unfetch: 3.1.0
    transitivePeerDependencies:
      - encoding
    dev: false

  /@opentelemetry/api@1.9.0:
    resolution: {integrity: sha512-3giAOQvZiH5F9bMlMiv8+GSPMeqg0dbaeo58/0SlA9sxSqZhnUtxzX9/2FzyhS9sWQf5S0GJE0AKBrFqjpeYcg==}
    engines: {node: '>=8.0.0'}
    dev: false

  /@t3-oss/env-core@0.10.1(typescript@5.7.2)(zod@3.23.8):
    resolution: {integrity: sha512-GcKZiCfWks5CTxhezn9k5zWX3sMDIYf6Kaxy2Gx9YEQftFcz8hDRN56hcbylyAO3t4jQnQ5ifLawINsNgCDpOg==}
    peerDependencies:
      typescript: '>=5.0.0'
      zod: ^3.0.0
    peerDependenciesMeta:
      typescript:
        optional: true
    dependencies:
      typescript: 5.7.2
      zod: 3.23.8
    dev: false

  /@types/bun@1.1.14:
    resolution: {integrity: sha512-opVYiFGtO2af0dnWBdZWlioLBoxSdDO5qokaazLhq8XQtGZbY4pY3/JxY8Zdf/hEwGubbp7ErZXoN1+h2yesxA==}
    dependencies:
      bun-types: 1.1.37
    dev: true

  /@types/conventional-commits-parser@5.0.1:
    resolution: {integrity: sha512-7uz5EHdzz2TqoMfV7ee61Egf5y6NkcO4FB/1iCCQnbeiI1F3xzv3vK5dBCXUCLQgGYS+mUeigK1iKQzvED+QnQ==}
    dependencies:
      '@types/node': 22.10.1
    dev: true

  /@types/diff-match-patch@1.0.36:
    resolution: {integrity: sha512-xFdR6tkm0MWvBfO8xXCSsinYxHcqkQUlcHeSpMC2ukzOb6lwQAfDmW+Qt0AvlGd8HpsS28qKsB+oPeJn9I39jg==}
    dev: false

  /@types/node@20.12.14:
    resolution: {integrity: sha512-scnD59RpYD91xngrQQLGkE+6UrHUPzeKZWhhjBSa3HSkwjbQc38+q3RoIVEwxQGRw3M+j5hpNAM+lgV3cVormg==}
    dependencies:
      undici-types: 5.26.5
    dev: true

  /@types/node@22.10.1:
    resolution: {integrity: sha512-qKgsUwfHZV2WCWLAnVP1JqnpE6Im6h3Y0+fYgMTasNQ7V++CBX5OT1as0g0f+OyubbFqhf6XVNIsmN4IIhEgGQ==}
    dependencies:
      undici-types: 6.20.0
    dev: true

  /@types/ws@8.5.13:
    resolution: {integrity: sha512-osM/gWBTPKgHV8XkTunnegTRIsvF6owmf5w+JtAfOw472dptdm0dlGv4xCt6GwQRcC2XVOvvRE/0bAoQcL2QkA==}
    dependencies:
      '@types/node': 20.12.14
    dev: true

  /JSONStream@1.3.5:
    resolution: {integrity: sha512-E+iruNOY8VV9s4JEbe1aNEm6MiszPRr/UfcHMz0TQh1BXSxHK+ASV1R6W4HpjBhSeS+54PIsAMCBmwD06LLsqQ==}
    hasBin: true
    dependencies:
      jsonparse: 1.3.1
      through: 2.3.8
    dev: true

  /abort-controller@3.0.0:
    resolution: {integrity: sha512-h8lQ8tacZYnR3vNQTgibj+tODHI5/+l06Au2Pcriv/Gmet0eaj4TwWH41sO9wnHDiQsEj19q0drzdWdeAHtweg==}
    engines: {node: '>=6.5'}
    dependencies:
      event-target-shim: 5.0.1
    dev: false

  /ai@4.0.12(react@18.3.1)(zod@3.23.8):
    resolution: {integrity: sha512-3Qu9IfNDNmq6u2pvBSqLl5bKsrJ/xQM3LuudnlotfM6ytfjD4WbhlzGqNRdT//oaC9GcborHu3O+666kAO+Iog==}
    engines: {node: '>=18'}
    peerDependencies:
      react: ^18 || ^19 || ^19.0.0-rc
      zod: ^3.0.0
    peerDependenciesMeta:
      react:
        optional: true
      zod:
        optional: true
    dependencies:
      '@ai-sdk/provider': 1.0.1
      '@ai-sdk/provider-utils': 2.0.3(zod@3.23.8)
      '@ai-sdk/react': 1.0.5(react@18.3.1)(zod@3.23.8)
      '@ai-sdk/ui-utils': 1.0.4(zod@3.23.8)
      '@opentelemetry/api': 1.9.0
      jsondiffpatch: 0.6.0
      react: 18.3.1
      zod: 3.23.8
      zod-to-json-schema: 3.23.5(zod@3.23.8)
    dev: false

  /ajv@8.17.1:
    resolution: {integrity: sha512-B/gBuNg5SiMTrPkC+A2+cW0RszwxYmn6VYxB/inlBStS5nx6xHIt/ehKRhIMhqusl7a8LjQoZnjCs5vhwxOQ1g==}
    dependencies:
      fast-deep-equal: 3.1.3
      fast-uri: 3.0.3
      json-schema-traverse: 1.0.0
      require-from-string: 2.0.2
    dev: true

  /ansi-regex@5.0.1:
    resolution: {integrity: sha512-quJQXlTSUGL2LH9SUXo8VwsY4soanhgo6LNSm84E1LBcE8s3O0wpdiRzyR9z/ZZJMlMWv37qOOb9pdJlMUEKFQ==}
    engines: {node: '>=8'}
    dev: true

  /ansi-styles@4.3.0:
    resolution: {integrity: sha512-zbB9rCJAT1rbjiVDb2hqKFHNYLxgtk8NURxZ3IZwD3F6NtxbXZQCnnSi1Lkx+IDohdPlFp222wVALIheZJQSEg==}
    engines: {node: '>=8'}
    dependencies:
      color-convert: 2.0.1
    dev: true

  /argparse@2.0.1:
    resolution: {integrity: sha512-8+9WqebbFzpX9OR+Wa6O29asIogeRMzcGtAINdpMHHyAg10f05aSFVBbcEqGf/PXw1EjAZ+q2/bEBg3DvurK3Q==}
    dev: true

  /array-ify@1.0.0:
    resolution: {integrity: sha512-c5AMf34bKdvPhQ7tBGhqkgKNUzMr4WUs+WDtC2ZUGOUncbxKMTvqxYctiseW3+L4bA8ec+GcZ6/A/FW4m8ukng==}
    dev: true

  /bun-types@1.1.37:
    resolution: {integrity: sha512-C65lv6eBr3LPJWFZ2gswyrGZ82ljnH8flVE03xeXxKhi2ZGtFiO4isRKTKnitbSqtRAcaqYSR6djt1whI66AbA==}
    dependencies:
      '@types/node': 20.12.14
      '@types/ws': 8.5.13
    dev: true

  /bun-types@1.1.38:
    resolution: {integrity: sha512-iglB2t9z1Hc6DIuwwscwWj/csx22QlCZ96QbcqQfiy1wmuZ38srQLI/fDVkFHAo2+KL7aJZGVWF+nAWrR6Njig==}
    dependencies:
      '@types/node': 20.12.14
      '@types/ws': 8.5.13
    dev: true

  /callsites@3.1.0:
    resolution: {integrity: sha512-P8BjAsXvZS+VIDUI11hHCQEv74YT67YUi5JJFNWIqL235sBmjX4+qx9Muvls5ivyNENctx46xQLQ3aTuE7ssaQ==}
    engines: {node: '>=6'}
    dev: true

  /chalk@5.3.0:
    resolution: {integrity: sha512-dLitG79d+GV1Nb/VYcCDFivJeK1hiukt9QjRNVOsUtTy1rR1YJsmpGGTZ3qJos+uw7WmWF4wUwBd9jxjocFC2w==}
    engines: {node: ^12.17.0 || ^14.13 || >=16.0.0}

  /client-only@0.0.1:
    resolution: {integrity: sha512-IV3Ou0jSMzZrd3pZ48nLkT9DA7Ag1pnPzaiQhpW7c3RbcqqzvzzVu+L8gfqMp/8IM2MQtSiqaCxrrcfu8I8rMA==}
    dev: false

  /cliui@8.0.1:
    resolution: {integrity: sha512-BSeNnyus75C4//NQ9gQt1/csTXyo/8Sb+afLAkzAptFuMsod9HFokGNudZpi/oQV73hnVK+sR+5PVRMd+Dr7YQ==}
    engines: {node: '>=12'}
    dependencies:
      string-width: 4.2.3
      strip-ansi: 6.0.1
      wrap-ansi: 7.0.0
    dev: true

  /color-convert@2.0.1:
    resolution: {integrity: sha512-RRECPsj7iu/xb5oKYcsFHSppFNnsj/52OVTRKb4zP5onXwVF3zVmmToNcOfGC+CRDpfK/U584fMg38ZHCaElKQ==}
    engines: {node: '>=7.0.0'}
    dependencies:
      color-name: 1.1.4
    dev: true

  /color-name@1.1.4:
    resolution: {integrity: sha512-dOy+3AuW3a2wNbZHIuMZpTcgjGuLU/uBL/ubcZF9OXbDo8ff4O8yVp5Bf0efS8uEoYo5q4Fx7dY9OgQGXgAsQA==}
    dev: true

  /compare-func@2.0.0:
    resolution: {integrity: sha512-zHig5N+tPWARooBnb0Zx1MFcdfpyJrfTJ3Y5L+IFvUm8rM74hHz66z0gw0x4tijh5CorKkKUCnW82R2vmpeCRA==}
    dependencies:
      array-ify: 1.0.0
      dot-prop: 5.3.0
    dev: true

  /conventional-changelog-angular@7.0.0:
    resolution: {integrity: sha512-ROjNchA9LgfNMTTFSIWPzebCwOGFdgkEq45EnvvrmSLvCtAw0HSmrCs7/ty+wAeYUZyNay0YMUNYFTRL72PkBQ==}
    engines: {node: '>=16'}
    dependencies:
      compare-func: 2.0.0
    dev: true

  /conventional-changelog-conventionalcommits@7.0.2:
    resolution: {integrity: sha512-NKXYmMR/Hr1DevQegFB4MwfM5Vv0m4UIxKZTTYuD98lpTknaZlSRrDOG4X7wIXpGkfsYxZTghUN+Qq+T0YQI7w==}
    engines: {node: '>=16'}
    dependencies:
      compare-func: 2.0.0
    dev: true

  /conventional-commits-parser@5.0.0:
    resolution: {integrity: sha512-ZPMl0ZJbw74iS9LuX9YIAiW8pfM5p3yh2o/NbXHbkFuZzY5jvdi5jFycEOkmBW5H5I7nA+D6f3UcsCLP2vvSEA==}
    engines: {node: '>=16'}
    hasBin: true
    dependencies:
      JSONStream: 1.3.5
      is-text-path: 2.0.0
      meow: 12.1.1
      split2: 4.2.0
    dev: true

  /cosmiconfig-typescript-loader@5.1.0(@types/node@22.10.1)(cosmiconfig@9.0.0)(typescript@5.7.2):
    resolution: {integrity: sha512-7PtBB+6FdsOvZyJtlF3hEPpACq7RQX6BVGsgC7/lfVXnKMvNCu/XY3ykreqG5w/rBNdu2z8LCIKoF3kpHHdHlA==}
    engines: {node: '>=v16'}
    peerDependencies:
      '@types/node': '*'
      cosmiconfig: '>=8.2'
      typescript: '>=4'
    dependencies:
      '@types/node': 22.10.1
      cosmiconfig: 9.0.0(typescript@5.7.2)
      jiti: 1.21.6
      typescript: 5.7.2
    dev: true

  /cosmiconfig@9.0.0(typescript@5.7.2):
    resolution: {integrity: sha512-itvL5h8RETACmOTFc4UfIyB2RfEHi71Ax6E/PivVxq9NseKbOWpeyHEOIbmAw1rs8Ak0VursQNww7lf7YtUwzg==}
    engines: {node: '>=14'}
    peerDependencies:
      typescript: '>=4.9.5'
    peerDependenciesMeta:
      typescript:
        optional: true
    dependencies:
      env-paths: 2.2.1
      import-fresh: 3.3.0
      js-yaml: 4.1.0
      parse-json: 5.2.0
      typescript: 5.7.2
    dev: true

  /dargs@8.1.0:
    resolution: {integrity: sha512-wAV9QHOsNbwnWdNW2FYvE1P56wtgSbM+3SZcdGiWQILwVjACCXDCI3Ai8QlCjMDB8YK5zySiXZYBiwGmNY3lnw==}
    engines: {node: '>=12'}
    dev: true

  /debug@4.3.7:
    resolution: {integrity: sha512-Er2nc/H7RrMXZBFCEim6TCmMk02Z8vLC2Rbi1KEBggpo0fS6l0S1nnapwmIi3yW/+GOJap1Krg4w0Hg80oCqgQ==}
    engines: {node: '>=6.0'}
    peerDependencies:
      supports-color: '*'
    peerDependenciesMeta:
      supports-color:
        optional: true
    dependencies:
      ms: 2.1.3
    dev: false

  /diff-match-patch@1.0.5:
    resolution: {integrity: sha512-IayShXAgj/QMXgB0IWmKx+rOPuGMhqm5w6jvFxmVenXKIzRqTAAsbBPT3kWQeGANj3jGgvcvv4yK6SxqYmikgw==}
    dev: false

  /dot-prop@5.3.0:
    resolution: {integrity: sha512-QM8q3zDe58hqUqjraQOmzZ1LIH9SWQJTlEKCH4kJ2oQvLZk7RbQXvtDM2XEq3fwkV9CCvvH4LA0AV+ogFsBM2Q==}
    engines: {node: '>=8'}
    dependencies:
      is-obj: 2.0.0
    dev: true

  /emoji-regex@8.0.0:
    resolution: {integrity: sha512-MSjYzcWNOA0ewAHpz0MxpYFvwg6yjy1NG3xteoqz644VCo/RPgnr1/GGt+ic3iJTzQ8Eu3TdM14SawnVUmGE6A==}
    dev: true

  /env-paths@2.2.1:
    resolution: {integrity: sha512-+h1lkLKhZMTYjog1VEpJNG7NZJWcuc2DDk/qsqSTRRCOXiLjeQ1d1/udrUGhqMxUgAlwKNZ0cf2uqan5GLuS2A==}
    engines: {node: '>=6'}
    dev: true

  /error-ex@1.3.2:
    resolution: {integrity: sha512-7dFHNmqeFSEt2ZBsCriorKnn3Z2pj+fd9kmI6QoWw4//DL+icEBfc0U7qJCisqrTsKTjw4fNFy2pW9OqStD84g==}
    dependencies:
      is-arrayish: 0.2.1
    dev: true

  /escalade@3.2.0:
    resolution: {integrity: sha512-WUj2qlxaQtO4g6Pq5c29GTcWGDyd8itL8zTlipgECz3JesAiiOKotd8JU6otB3PACgG6xkJUyVhboMS+bje/jA==}
    engines: {node: '>=6'}
    dev: true

  /event-target-shim@5.0.1:
    resolution: {integrity: sha512-i/2XbnSz/uxRCU6+NdVJgKWDTM427+MqYbkQzD321DuCQJUqOuJKIA0IM2+W2xtYHdKOmZ4dR6fExsd4SXL+WQ==}
    engines: {node: '>=6'}
    dev: false

  /eventsource-parser@3.0.0:
    resolution: {integrity: sha512-T1C0XCUimhxVQzW4zFipdx0SficT651NnkR0ZSH3yQwh+mFMdLfgjABVi4YtMTtaL4s168593DaoaRLMqryavA==}
    engines: {node: '>=18.0.0'}
    dev: false

  /fast-deep-equal@3.1.3:
    resolution: {integrity: sha512-f3qQ9oQy9j2AhBe/H9VC91wLmKBCCU/gDOnKNAYG5hswO7BLKj09Hc5HYNz9cGI++xlpDCIgDaitVs03ATR84Q==}
    dev: true

  /fast-uri@3.0.3:
    resolution: {integrity: sha512-aLrHthzCjH5He4Z2H9YZ+v6Ujb9ocRuW6ZzkJQOrTxleEijANq4v1TsaPaVG1PZcuurEzrLcWRyYBYXD5cEiaw==}
    dev: true

  /find-up@7.0.0:
    resolution: {integrity: sha512-YyZM99iHrqLKjmt4LJDj58KI+fYyufRLBSYcqycxf//KpBk9FoewoGX0450m9nB44qrZnovzC2oeP5hUibxc/g==}
    engines: {node: '>=18'}
    dependencies:
      locate-path: 7.2.0
      path-exists: 5.0.0
      unicorn-magic: 0.1.0
    dev: true

  /get-caller-file@2.0.5:
    resolution: {integrity: sha512-DyFP3BM/3YHTQOCUL/w0OZHR0lpKeGrxotcHWcqNEdnltqFwXVfhEBQ94eIo34AfQpo0rGki4cyIiftY06h2Fg==}
    engines: {node: 6.* || 8.* || >= 10.*}
    dev: true

  /git-raw-commits@4.0.0:
    resolution: {integrity: sha512-ICsMM1Wk8xSGMowkOmPrzo2Fgmfo4bMHLNX6ytHjajRJUqvHOw/TFapQ+QG75c3X/tTDDhOSRPGC52dDbNM8FQ==}
    engines: {node: '>=16'}
    hasBin: true
    dependencies:
      dargs: 8.1.0
      meow: 12.1.1
      split2: 4.2.0
    dev: true

  /global-directory@4.0.1:
    resolution: {integrity: sha512-wHTUcDUoZ1H5/0iVqEudYW4/kAlN5cZ3j/bXn0Dpbizl9iaUVeWSHqiOjsgk6OW2bkLclbBjzewBz6weQ1zA2Q==}
    engines: {node: '>=18'}
    dependencies:
      ini: 4.1.1
    dev: true

  /grammy@1.33.0:
    resolution: {integrity: sha512-kvQuIBtiPcqNGntsVevjXYBMByIJ3PtOP7swr1zbCg6xY+dNX76f4VX5auKuJNI/sflexPr3L4wNwbTJHu9ocA==}
    engines: {node: ^12.20.0 || >=14.13.1}
    dependencies:
      '@grammyjs/types': 3.17.0
      abort-controller: 3.0.0
      debug: 4.3.7
      node-fetch: 2.7.0
    transitivePeerDependencies:
      - encoding
      - supports-color
    dev: false

  /graphql@15.9.0:
    resolution: {integrity: sha512-GCOQdvm7XxV1S4U4CGrsdlEN37245eC8P9zaYCMr6K1BG0IPGy5lUwmJsEOGyl1GD6HXjOtl2keCP9asRBwNvA==}
    engines: {node: '>= 10.x'}
    dev: false

  /import-fresh@3.3.0:
    resolution: {integrity: sha512-veYYhQa+D1QBKznvhUHxb8faxlrwUnxseDAbAp457E0wLNio2bOSKnjYDhMj+YiAq61xrMGhQk9iXVk5FzgQMw==}
    engines: {node: '>=6'}
    dependencies:
      parent-module: 1.0.1
      resolve-from: 4.0.0
    dev: true

  /import-meta-resolve@4.1.0:
    resolution: {integrity: sha512-I6fiaX09Xivtk+THaMfAwnA3MVA5Big1WHF1Dfx9hFuvNIWpXnorlkzhcQf6ehrqQiiZECRt1poOAkPmer3ruw==}
    dev: true

  /ini@4.1.1:
    resolution: {integrity: sha512-QQnnxNyfvmHFIsj7gkPcYymR8Jdw/o7mp5ZFihxn6h8Ci6fh3Dx4E1gPjpQEpIuPo9XVNY/ZUwh4BPMjGyL01g==}
    engines: {node: ^14.17.0 || ^16.13.0 || >=18.0.0}
    dev: true

  /is-arrayish@0.2.1:
    resolution: {integrity: sha512-zz06S8t0ozoDXMG+ube26zeCTNXcKIPJZJi8hBrF4idCLms4CG9QtK7qBl1boi5ODzFpjswb5JPmHCbMpjaYzg==}
    dev: true

  /is-fullwidth-code-point@3.0.0:
    resolution: {integrity: sha512-zymm5+u+sCsSWyD9qNaejV3DFvhCKclKdizYaJUuHA83RLjb7nSuGnddCHGv0hk+KY7BMAlsWeK4Ueg6EV6XQg==}
    engines: {node: '>=8'}
    dev: true

  /is-obj@2.0.0:
    resolution: {integrity: sha512-drqDG3cbczxxEJRoOXcOjtdp1J/lyp1mNn0xaznRs8+muBhgQcrnbspox5X5fOw0HnMnbfDzvnEMEtqDEJEo8w==}
    engines: {node: '>=8'}
    dev: true

  /is-text-path@2.0.0:
    resolution: {integrity: sha512-+oDTluR6WEjdXEJMnC2z6A4FRwFoYuvShVVEGsS7ewc0UTi2QtAKMDJuL4BDEVt+5T7MjFo12RP8ghOM75oKJw==}
    engines: {node: '>=8'}
    dependencies:
      text-extensions: 2.4.0
    dev: true

  /isomorphic-unfetch@3.1.0:
    resolution: {integrity: sha512-geDJjpoZ8N0kWexiwkX8F9NkTsXhetLPVbZFQ+JTW239QNOwvB0gniuR1Wc6f0AMTn7/mFGyXvHTifrCp/GH8Q==}
    dependencies:
      node-fetch: 2.7.0
      unfetch: 4.2.0
    transitivePeerDependencies:
      - encoding
    dev: false

  /jiti@1.21.6:
    resolution: {integrity: sha512-2yTgeWTWzMWkHu6Jp9NKgePDaYHbntiwvYuuJLbbN9vl7DC9DvXKOB2BC3ZZ92D3cvV/aflH0osDfwpHepQ53w==}
    hasBin: true
    dev: true

  /js-tokens@4.0.0:
    resolution: {integrity: sha512-RdJUflcE3cUzKiMqQgsCu06FPu9UdIJO0beYbPhHN4k6apgJtifcoCtT9bcxOpYBtpD2kCM6Sbzg4CausW/PKQ==}

  /js-yaml@4.1.0:
    resolution: {integrity: sha512-wpxZs9NoxZaJESJGIZTyDEaYpl0FKSA+FB9aJiyemKhMwkxQg63h4T1KJgUGHpTqPDNRcmmYLugrRjJlBtWvRA==}
    hasBin: true
    dependencies:
      argparse: 2.0.1
    dev: true

  /json-parse-even-better-errors@2.3.1:
    resolution: {integrity: sha512-xyFwyhro/JEof6Ghe2iz2NcXoj2sloNsWr/XsERDK/oiPCfaNhl5ONfp+jQdAZRQQ0IJWNzH9zIZF7li91kh2w==}
    dev: true

  /json-schema-traverse@1.0.0:
    resolution: {integrity: sha512-NM8/P9n3XjXhIZn1lLhkFaACTOURQXjWhV4BA/RnOv8xvgqtqpAX9IO4mRQxSx1Rlo4tqzeqb0sOlruaOy3dug==}
    dev: true

  /json-schema@0.4.0:
    resolution: {integrity: sha512-es94M3nTIfsEPisRafak+HDLfHXnKBhV3vU5eqPcS3flIWqcxJWgXHXiey3YrpaNsanY5ei1VoYEbOzijuq9BA==}
    dev: false

  /jsondiffpatch@0.6.0:
    resolution: {integrity: sha512-3QItJOXp2AP1uv7waBkao5nCvhEv+QmJAd38Ybq7wNI74Q+BBmnLn4EDKz6yI9xGAIQoUF87qHt+kc1IVxB4zQ==}
    engines: {node: ^18.0.0 || >=20.0.0}
    hasBin: true
    dependencies:
      '@types/diff-match-patch': 1.0.36
      chalk: 5.3.0
      diff-match-patch: 1.0.5
    dev: false

  /jsonparse@1.3.1:
    resolution: {integrity: sha512-POQXvpdL69+CluYsillJ7SUhKvytYjW9vG/GKpnf+xP8UWgYEM/RaMzHHofbALDiKbbP1W8UEYmgGl39WkPZsg==}
    engines: {'0': node >= 0.2.0}
    dev: true

  /lefthook-darwin-arm64@1.9.0:
    resolution: {integrity: sha512-pClng2uWTqZ/FBC+YK0O4MlvphtMcw3xnYZYP4mOfM56gkSrMdsoG59AkBWB5zwxQymPiNFyO3H+JJbjvwmueA==}
    cpu: [arm64]
    os: [darwin]
    requiresBuild: true
    dev: true
    optional: true

  /lefthook-darwin-x64@1.9.0:
    resolution: {integrity: sha512-PHQHJZHNadWhFan3Vvy24hMYMecR433t0NHODyBgILaZXOmoeMGcQYNHTmOb+R0148BKA/33l00m1CY14ZPqtw==}
    cpu: [x64]
    os: [darwin]
    requiresBuild: true
    dev: true
    optional: true

  /lefthook-freebsd-arm64@1.9.0:
    resolution: {integrity: sha512-yuPJJJ3aDpMihqg1dfS75XgnzUYh+OqSZPmQp49s9RXKAWUCsBiDcirmrseDRbj3WVsatNGQldbV+5F5rNrxqw==}
    cpu: [arm64]
    os: [freebsd]
    requiresBuild: true
    dev: true
    optional: true

  /lefthook-freebsd-x64@1.9.0:
    resolution: {integrity: sha512-7By8mNLsc+EFJJkmeuC8tmYO8+i9oLBqDSHqnlzSNMK8EF5DV9DTAyNIHIbn0OIcwcCe6xBfwLZimeSkKxMZKg==}
    cpu: [x64]
    os: [freebsd]
    requiresBuild: true
    dev: true
    optional: true

  /lefthook-linux-arm64@1.9.0:
    resolution: {integrity: sha512-MYZD6j+ufryhENqjZe6POD3rT/0LFLfRtK4ddKKEqPGEy5wKpmXjt3ydfqTg6XAFzm6pyQO1zgwPuF40s5r3wQ==}
    cpu: [arm64]
    os: [linux]
    requiresBuild: true
    dev: true
    optional: true

  /lefthook-linux-x64@1.9.0:
    resolution: {integrity: sha512-xKh5/Lhjn7oI9AmUhtcArS1Y6RjDcxn0KKXAKURhwwZNFI0HGlusIYAF9U86MDqSPbfvEv+nRpq2i6au6Xp6Aw==}
    cpu: [x64]
    os: [linux]
    requiresBuild: true
    dev: true
    optional: true

  /lefthook-openbsd-arm64@1.9.0:
    resolution: {integrity: sha512-+3YNG0BVWO3CxBfO5GIDU31EWLZgfPU4M/NDqPekIBf8EUSiToXk9D4MNBAYnjjAfAezV/sdDeLm2Jg4l468UQ==}
    cpu: [arm64]
    os: [openbsd]
    requiresBuild: true
    dev: true
    optional: true

  /lefthook-openbsd-x64@1.9.0:
    resolution: {integrity: sha512-7DGR8oAa5N4JJ1s0hpDJMQ7AUAT3bDNcTPCFw2keVlmg29qMdIL4RIEbVau/DZ8GvZhzoOE8ddtgUH07PeUjRw==}
    cpu: [x64]
    os: [openbsd]
    requiresBuild: true
    dev: true
    optional: true

  /lefthook-windows-arm64@1.9.0:
    resolution: {integrity: sha512-t7LtUL3eDuprxomtuw74KBLXC+Clk1e/L+ofLy4Jw9t0FNPkFDouQv31IQ0HfS5d1aymNKjK/qbm+IOs1XZC6Q==}
    cpu: [arm64]
    os: [win32]
    requiresBuild: true
    dev: true
    optional: true

  /lefthook-windows-x64@1.9.0:
    resolution: {integrity: sha512-q3L6tXUxicqiVbquyUIVuGlZo3fJ2y4HhgjINYVCRR+kdn+yqu5pR7Vre/I+LnWtm6V6CUmoV2rxx1fl/1lP1w==}
    cpu: [x64]
    os: [win32]
    requiresBuild: true
    dev: true
    optional: true

  /lefthook@1.9.0:
    resolution: {integrity: sha512-JF2J4+IEsWpTL2NRWXqUzNu3Nf0pfxMd+Io3kXm6rTQ04jpwh06f37VB5lc5L76kgxpjiBiuFoRlPOAY2je3YA==}
    hasBin: true
    requiresBuild: true
    optionalDependencies:
      lefthook-darwin-arm64: 1.9.0
      lefthook-darwin-x64: 1.9.0
      lefthook-freebsd-arm64: 1.9.0
      lefthook-freebsd-x64: 1.9.0
      lefthook-linux-arm64: 1.9.0
      lefthook-linux-x64: 1.9.0
      lefthook-openbsd-arm64: 1.9.0
      lefthook-openbsd-x64: 1.9.0
      lefthook-windows-arm64: 1.9.0
      lefthook-windows-x64: 1.9.0
    dev: true

  /lines-and-columns@1.2.4:
    resolution: {integrity: sha512-7ylylesZQ/PV29jhEDl3Ufjo6ZX7gCqJr5F7PKrqc93v7fzSymt1BpwEU8nAUXs8qzzvqhbjhK5QZg6Mt/HkBg==}
    dev: true

  /locate-path@7.2.0:
    resolution: {integrity: sha512-gvVijfZvn7R+2qyPX8mAuKcFGDf6Nc61GdvGafQsHL0sBIxfKzA+usWn4GFC/bk+QdwPUD4kWFJLhElipq+0VA==}
    engines: {node: ^12.20.0 || ^14.13.1 || >=16.0.0}
    dependencies:
      p-locate: 6.0.0
    dev: true

  /lodash.camelcase@4.3.0:
    resolution: {integrity: sha512-TwuEnCnxbc3rAvhf/LbG7tJUDzhqXyFnv3dtzLOPgCG/hODL7WFnsbwktkD7yUV0RrreP/l1PALq/YSg6VvjlA==}
    dev: true

  /lodash.isplainobject@4.0.6:
    resolution: {integrity: sha512-oSXzaWypCMHkPC3NvBEaPHf0KsA5mvPrOPgQWDsbg8n7orZ290M0BmC/jgRZ4vcJ6DTAhjrsSYgdsW/F+MFOBA==}
    dev: true

  /lodash.kebabcase@4.1.1:
    resolution: {integrity: sha512-N8XRTIMMqqDgSy4VLKPnJ/+hpGZN+PHQiJnSenYqPaVV/NCqEogTnAdZLQiGKhxX+JCs8waWq2t1XHWKOmlY8g==}
    dev: true

  /lodash.merge@4.6.2:
    resolution: {integrity: sha512-0KpjqXRVvrYyCsX1swR/XTK0va6VQkQM6MNo7PqW77ByjAhoARA8EfrP1N4+KlKj8YS0ZUCtRT/YUuhyYDujIQ==}
    dev: true

  /lodash.mergewith@4.6.2:
    resolution: {integrity: sha512-GK3g5RPZWTRSeLSpgP8Xhra+pnjBC56q9FZYe1d5RN3TJ35dbkGy3YqBSMbyCrlbi+CM9Z3Jk5yTL7RCsqboyQ==}
    dev: true

  /lodash.snakecase@4.1.1:
    resolution: {integrity: sha512-QZ1d4xoBHYUeuouhEq3lk3Uq7ldgyFXGBhg04+oRLnIz8o9T65Eh+8YdroUwn846zchkA9yDsDl5CVVaV2nqYw==}
    dev: true

  /lodash.startcase@4.4.0:
    resolution: {integrity: sha512-+WKqsK294HMSc2jEbNgpHpd0JfIBhp7rEV4aqXWqFr6AlXov+SlcgB1Fv01y2kGe3Gc8nMW7VA0SrGuSkRfIEg==}
    dev: true

  /lodash.uniq@4.5.0:
    resolution: {integrity: sha512-xfBaXQd9ryd9dlSDvnvI0lvxfLJlYAZzXomUYzLKtUeOQvOP5piqAWuGtrhWeqaXK9hhoM/iyJc5AV+XfsX3HQ==}
    dev: true

  /lodash.upperfirst@4.3.1:
    resolution: {integrity: sha512-sReKOYJIJf74dhJONhU4e0/shzi1trVbSWDOhKYE5XV2O+H7Sb2Dihwuc7xWxVl+DgFPyTqIN3zMfT9cq5iWDg==}
    dev: true

  /loose-envify@1.4.0:
    resolution: {integrity: sha512-lyuxPGr/Wfhrlem2CL/UcnUc1zcqKAImBDzukY7Y5F/yQiNdko6+fRLevlw1HgMySw7f611UIY408EtxRSoK3Q==}
    hasBin: true
    dependencies:
      js-tokens: 4.0.0
    dev: false

  /meow@12.1.1:
    resolution: {integrity: sha512-BhXM0Au22RwUneMPwSCnyhTOizdWoIEPU9sp0Aqa1PnDMR5Wv2FGXYDjuzJEIX+Eo2Rb8xuYe5jrnm5QowQFkw==}
    engines: {node: '>=16.10'}
    dev: true

  /minimist@1.2.8:
    resolution: {integrity: sha512-2yyAR8qBkN3YuheJanUpWC5U3bb5osDywNB8RzDVlDwDHbocAJveqqj1u8+SVD7jkWT4yvsHCpWqqWqAxb0zCA==}
    dev: true

  /ms@2.1.3:
    resolution: {integrity: sha512-6FlzubTLZG3J2a/NVCAleEhjzq5oxgHyaCU9yYXvcLsvoVaHJq/s5xXI6/XXP6tz7R9xAOtHnSO/tXtF3WRTlA==}
    dev: false

  /nanoid@3.3.8:
    resolution: {integrity: sha512-WNLf5Sd8oZxOm+TzppcYk8gVOgP+l58xNy58D0nbUnOxOWRWvlcCV4kUF7ltmI6PsrLl/BgKEyS4mqsGChFN0w==}
    engines: {node: ^10 || ^12 || ^13.7 || ^14 || >=15.0.1}
    hasBin: true
    dev: false

  /node-fetch@2.7.0:
    resolution: {integrity: sha512-c4FRfUm/dbcWZ7U+1Wq0AwCyFL+3nt2bEw05wfxSz+DWpWsitgmSgYmy2dQdWyKC1694ELPqMs/YzUSNozLt8A==}
    engines: {node: 4.x || >=6.0.0}
    peerDependencies:
      encoding: ^0.1.0
    peerDependenciesMeta:
      encoding:
        optional: true
    dependencies:
      whatwg-url: 5.0.0
    dev: false

  /p-limit@4.0.0:
    resolution: {integrity: sha512-5b0R4txpzjPWVw/cXXUResoD4hb6U/x9BH08L7nw+GN1sezDzPdxeRvpc9c433fZhBan/wusjbCsqwqm4EIBIQ==}
    engines: {node: ^12.20.0 || ^14.13.1 || >=16.0.0}
    dependencies:
      yocto-queue: 1.1.1
    dev: true

  /p-locate@6.0.0:
    resolution: {integrity: sha512-wPrq66Llhl7/4AGC6I+cqxT07LhXvWL08LNXz1fENOw0Ap4sRZZ/gZpTTJ5jpurzzzfS2W/Ge9BY3LgLjCShcw==}
    engines: {node: ^12.20.0 || ^14.13.1 || >=16.0.0}
    dependencies:
      p-limit: 4.0.0
    dev: true

  /parent-module@1.0.1:
    resolution: {integrity: sha512-GQ2EWRpQV8/o+Aw8YqtfZZPfNRWZYkbidE9k5rpl/hC3vtHHBfGm2Ifi6qWV+coDGkrUKZAxE3Lot5kcsRlh+g==}
    engines: {node: '>=6'}
    dependencies:
      callsites: 3.1.0
    dev: true

  /parse-json@5.2.0:
    resolution: {integrity: sha512-ayCKvm/phCGxOkYRSCM82iDwct8/EonSEgCSxWxD7ve6jHggsFl4fZVQBPRNgQoKiuV/odhFrGzQXZwbifC8Rg==}
    engines: {node: '>=8'}
    dependencies:
      '@babel/code-frame': 7.26.2
      error-ex: 1.3.2
      json-parse-even-better-errors: 2.3.1
      lines-and-columns: 1.2.4
    dev: true

  /path-exists@5.0.0:
    resolution: {integrity: sha512-RjhtfwJOxzcFmNOi6ltcbcu4Iu+FL3zEj83dk4kAS+fVpTxXLO1b38RvJgT/0QwvV/L3aY9TAnyv0EOqW4GoMQ==}
    engines: {node: ^12.20.0 || ^14.13.1 || >=16.0.0}
    dev: true

  /picocolors@1.1.1:
    resolution: {integrity: sha512-xceH2snhtb5M9liqDsmEw56le376mTZkEX/jEb/RxNFyegNul7eNslCXP9FDj/Lcu0X8KEyMceP2ntpaHrDEVA==}
    dev: true

  /prettier@3.4.2:
    resolution: {integrity: sha512-e9MewbtFo+Fevyuxn/4rrcDAaq0IYxPGLvObpQjiZBMAzB9IGmzlnG9RZy3FFas+eBMu2vA0CszMeduow5dIuQ==}
    engines: {node: '>=14'}
    hasBin: true
    dev: true

  /react@18.3.1:
    resolution: {integrity: sha512-wS+hAgJShR0KhEvPJArfuPVN1+Hz1t0Y6n5jLrGQbkb4urgPE/0Rve+1kMB1v/oWgHgm4WIcV+i7F2pTVj+2iQ==}
    engines: {node: '>=0.10.0'}
    dependencies:
      loose-envify: 1.4.0
    dev: false

  /remeda@1.61.0:
    resolution: {integrity: sha512-caKfSz9rDeSKBQQnlJnVW3mbVdFgxgGWQKq1XlFokqjf+hQD5gxutLGTTY2A/x24UxVyJe9gH5fAkFI63ULw4A==}
    dev: false

  /require-directory@2.1.1:
    resolution: {integrity: sha512-fGxEI7+wsG9xrvdjsrlmL22OMTTiHRwAMroiEeMgq8gzoLC/PQr7RsRDSTLUg/bZAZtF+TVIkHc6/4RIKrui+Q==}
    engines: {node: '>=0.10.0'}
    dev: true

  /require-from-string@2.0.2:
    resolution: {integrity: sha512-Xf0nWe6RseziFMu+Ap9biiUbmplq6S9/p+7w7YXP/JBHhrUDDUhwa+vANyubuqfZWTveU//DYVGsDG7RKL/vEw==}
    engines: {node: '>=0.10.0'}
    dev: true

  /resolve-from@4.0.0:
    resolution: {integrity: sha512-pb/MYmXstAkysRFx8piNI1tGFNQIFA3vkE3Gq4EuA1dF6gHp/+vgZqsCGJapvy8N3Q+4o7FwvquPJcnZ7RYy4g==}
    engines: {node: '>=4'}
    dev: true

  /resolve-from@5.0.0:
    resolution: {integrity: sha512-qYg9KP24dD5qka9J47d0aVky0N+b4fTU89LN9iDnjB5waksiC49rvMB0PrUJQGoTmH50XPiqOvAjDfaijGxYZw==}
    engines: {node: '>=8'}
    dev: true

  /secure-json-parse@2.7.0:
    resolution: {integrity: sha512-6aU+Rwsezw7VR8/nyvKTx8QpWH9FrcYiXXlqC4z5d5XQBDRqtbfsRjnwGyqbi3gddNtWHuEk9OANUotL26qKUw==}
    dev: false

  /semver@7.6.3:
    resolution: {integrity: sha512-oVekP1cKtI+CTDvHWYFUcMtsK/00wmAEfyqKfNdARm8u1wNVhSgaX7A8d4UuIlUI5e84iEwOhs7ZPYRmzU9U6A==}
    engines: {node: '>=10'}
    hasBin: true
    dev: true

  /split2@4.2.0:
    resolution: {integrity: sha512-UcjcJOWknrNkF6PLX83qcHM6KHgVKNkV62Y8a5uYDVv9ydGQVwAHMKqHdJje1VTWpljG0WYpCDhrCdAOYH4TWg==}
    engines: {node: '>= 10.x'}
    dev: true

  /string-width@4.2.3:
    resolution: {integrity: sha512-wKyQRQpjJ0sIp62ErSZdGsjMJWsap5oRNihHhu6G7JVO/9jIB6UyevL+tXuOqrng8j/cxKTWyWUwvSTriiZz/g==}
    engines: {node: '>=8'}
    dependencies:
      emoji-regex: 8.0.0
      is-fullwidth-code-point: 3.0.0
      strip-ansi: 6.0.1
    dev: true

  /strip-ansi@6.0.1:
    resolution: {integrity: sha512-Y38VPSHcqkFrCpFnQ9vuSXmquuv5oXOKpGeT6aGrr3o3Gc9AlVa6JBfUSOCnbxGGZF+/0ooI7KrPuUSztUdU5A==}
    engines: {node: '>=8'}
    dependencies:
      ansi-regex: 5.0.1
    dev: true

  /swr@2.2.5(react@18.3.1):
    resolution: {integrity: sha512-QtxqyclFeAsxEUeZIYmsaQ0UjimSq1RZ9Un7I68/0ClKK/U3LoyQunwkQfJZr2fc22DfIXLNDc2wFyTEikCUpg==}
    peerDependencies:
      react: ^16.11.0 || ^17.0.0 || ^18.0.0
    dependencies:
      client-only: 0.0.1
      react: 18.3.1
      use-sync-external-store: 1.4.0(react@18.3.1)
    dev: false

  /text-extensions@2.4.0:
    resolution: {integrity: sha512-te/NtwBwfiNRLf9Ijqx3T0nlqZiQ2XrrtBvu+cLL8ZRrGkO0NHTug8MYFKyoSrv/sHTaSKfilUkizV6XhxMJ3g==}
    engines: {node: '>=8'}
    dev: true

  /throttleit@2.1.0:
    resolution: {integrity: sha512-nt6AMGKW1p/70DF/hGBdJB57B8Tspmbp5gfJ8ilhLnt7kkr2ye7hzD6NVG8GGErk2HWF34igrL2CXmNIkzKqKw==}
    engines: {node: '>=18'}
    dev: false

  /through@2.3.8:
    resolution: {integrity: sha512-w89qg7PI8wAdvX60bMDP+bFoD5Dvhm9oLheFp5O4a2QF0cSBGsBX4qZmadPMvVqlLJBBci+WqGGOAPvcDeNSVg==}
    dev: true

  /tinyexec@0.3.1:
    resolution: {integrity: sha512-WiCJLEECkO18gwqIp6+hJg0//p23HXp4S+gGtAKu3mI2F2/sXC4FvHvXvB0zJVVaTPhx1/tOwdbRsa1sOBIKqQ==}
    dev: true

  /tr46@0.0.3:
    resolution: {integrity: sha512-N3WMsuqV66lT30CrXNbEjx4GEwlow3v6rr4mCcv6prnfwhS01rkgyFdjPNBYd9br7LpXV1+Emh01fHnq2Gdgrw==}
    dev: false

  /ts-pattern@5.5.0:
    resolution: {integrity: sha512-jqbIpTsa/KKTJYWgPNsFNbLVpwCgzXfFJ1ukNn4I8hMwyQzHMJnk/BqWzggB0xpkILuKzaO/aMYhS0SkaJyKXg==}
    dev: false

  /typescript@5.7.2:
    resolution: {integrity: sha512-i5t66RHxDvVN40HfDd1PsEThGNnlMCMT3jMUuoh9/0TaqWevNontacunWyN02LA9/fIbEWlcHZcgTKb9QoaLfg==}
    engines: {node: '>=14.17'}
    hasBin: true

  /undici-types@5.26.5:
    resolution: {integrity: sha512-JlCMO+ehdEIKqlFxk6IfVoAUVmgz7cU7zD/h9XZ0qzeosSHmUJVOzSQvvYSYWXkFXC+IfLKSIffhv0sVZup6pA==}
    dev: true

  /undici-types@6.20.0:
    resolution: {integrity: sha512-Ny6QZ2Nju20vw1SRHe3d9jVu6gJ+4e3+MMpqu7pqE5HT6WsTSlce++GQmK5UXS8mzV8DSYHrQH+Xrf2jVcuKNg==}
    dev: true

  /unfetch@4.2.0:
    resolution: {integrity: sha512-F9p7yYCn6cIW9El1zi0HI6vqpeIvBsr3dSuRO6Xuppb1u5rXpCPmMvLSyECLhybr9isec8Ohl0hPekMVrEinDA==}
    dev: false

  /unicorn-magic@0.1.0:
    resolution: {integrity: sha512-lRfVq8fE8gz6QMBuDM6a+LO3IAzTi05H6gCVaUpir2E1Rwpo4ZUog45KpNXKC/Mn3Yb9UDuHumeFTo9iV/D9FQ==}
    engines: {node: '>=18'}
    dev: true

  /use-sync-external-store@1.4.0(react@18.3.1):
    resolution: {integrity: sha512-9WXSPC5fMv61vaupRkCKCxsPxBocVnwakBEkMIHHpkTTg6icbJtg6jzgtLDm4bl3cSHAca52rYWih0k4K3PfHw==}
    peerDependencies:
      react: ^16.8.0 || ^17.0.0 || ^18.0.0 || ^19.0.0
    dependencies:
      react: 18.3.1
    dev: false

  /webidl-conversions@3.0.1:
    resolution: {integrity: sha512-2JAn3z8AR6rjK8Sm8orRC0h/bcl/DqL7tRPdGZ4I1CjdF+EaMLmYxBHyXuKL849eucPFhvBoxMsflfOb8kxaeQ==}
    dev: false

  /whatwg-url@5.0.0:
    resolution: {integrity: sha512-saE57nupxk6v3HY35+jzBwYa0rKSy0XR8JSxZPwgLr7ys0IBzhGviA1/TUGJLmSVqs8pb9AnvICXEuOHLprYTw==}
    dependencies:
      tr46: 0.0.3
      webidl-conversions: 3.0.1
    dev: false

  /wrap-ansi@7.0.0:
    resolution: {integrity: sha512-YVGIj2kamLSTxw6NsZjoBxfSwsn0ycdesmc4p+Q21c5zPuZ1pl+NfxVdxPtdHvmNVOQ6XSYG4AUtyt/Fi7D16Q==}
    engines: {node: '>=10'}
    dependencies:
      ansi-styles: 4.3.0
      string-width: 4.2.3
      strip-ansi: 6.0.1
    dev: true

  /y18n@5.0.8:
    resolution: {integrity: sha512-0pfFzegeDWJHJIAmTLRP2DwHjdF5s7jo9tuztdQxAhINCdvS+3nGINqPd00AphqJR/0LhANUS6/+7SCb98YOfA==}
    engines: {node: '>=10'}
    dev: true

  /yargs-parser@21.1.1:
    resolution: {integrity: sha512-tVpsJW7DdjecAiFpbIB1e3qxIQsE6NoPc5/eTdrbbIC4h0LVsWhnoa3g+m2HclBIujHzsxZ4VJVA+GUuc2/LBw==}
    engines: {node: '>=12'}
    dev: true

  /yargs@17.7.2:
    resolution: {integrity: sha512-7dSzzRQ++CKnNI/krKnYRV7JKKPUXMEh61soaHKg9mrWEhzFWhFnxPxGl+69cD1Ou63C13NUPCnmIcrvqCuM6w==}
    engines: {node: '>=12'}
    dependencies:
      cliui: 8.0.1
      escalade: 3.2.0
      get-caller-file: 2.0.5
      require-directory: 2.1.1
      string-width: 4.2.3
      y18n: 5.0.8
      yargs-parser: 21.1.1
    dev: true

  /yocto-queue@1.1.1:
    resolution: {integrity: sha512-b4JR1PFR10y1mKjhHY9LaGo6tmrgjit7hxVIeAmyMw3jegXR4dhYqLaQF5zMXZxY7tLpMyJeLjr1C4rLmkVe8g==}
    engines: {node: '>=12.20'}
    dev: true

  /zod-to-json-schema@3.23.5(zod@3.23.8):
    resolution: {integrity: sha512-5wlSS0bXfF/BrL4jPAbz9da5hDlDptdEppYfe+x4eIJ7jioqKG9uUxOwPzqof09u/XeVdrgFu29lZi+8XNDJtA==}
    peerDependencies:
      zod: ^3.23.3
    dependencies:
      zod: 3.23.8
    dev: false

  /zod@3.23.8:
    resolution: {integrity: sha512-XBx9AXhXktjUqnepgTiE5flcKIYWi/rme0Eaj+5Y0lftuGBq+jyRu/md4WnuxqgP1ubdpNCsYEYPxrzVHD8d6g==}
    dev: false
